
Microsoft Visual Studio Solution File, Format Version 12.00
# Visual Studio 15
VisualStudioVersion = 15.0.26124.0
MinimumVisualStudioVersion = 15.0.26124.0
Project("{FAE04EC0-301F-11D3-BF4B-00C04F79EFBC}") = "HerosUI", "HerosUI\HerosUI.csproj", "{FD4DE476-A56B-494E-AC3F-8317DEA6319D}"
EndProject
Project("{FAE04EC0-301F-11D3-BF4B-00C04F79EFBC}") = "HerosLib", "HerosLib\HerosLib.csproj", "{ED4096ED-25DE-4893-B2B3-A697573B162F}"
EndProject
Project("{FAE04EC0-301F-11D3-BF4B-00C04F79EFBC}") = "HerosDB", "HerosDB\HerosDB.csproj", "{6B99EA55-00E4-4C19-BD8A-C85F84F72096}"
EndProject
Project("{FAE04EC0-301F-11D3-BF4B-00C04F79EFBC}") = "HerosTest", "HerosTest\HerosTest.csproj", "{4A79F683-4F80-43B5-ADE1-6F10DF56EC5E}"
EndProject
Global
	GlobalSection(SolutionConfigurationPlatforms) = preSolution
		Debug|Any CPU = Debug|Any CPU
		Debug|x64 = Debug|x64
		Debug|x86 = Debug|x86
		Release|Any CPU = Release|Any CPU
		Release|x64 = Release|x64
		Release|x86 = Release|x86
	EndGlobalSection
	GlobalSection(SolutionProperties) = preSolution
		HideSolutionNode = FALSE
	EndGlobalSection
	GlobalSection(ProjectConfigurationPlatforms) = postSolution
		{FD4DE476-A56B-494E-AC3F-8317DEA6319D}.Debug|Any CPU.ActiveCfg = Debug|Any CPU
		{FD4DE476-A56B-494E-AC3F-8317DEA6319D}.Debug|Any CPU.Build.0 = Debug|Any CPU
		{FD4DE476-A56B-494E-AC3F-8317DEA6319D}.Debug|x64.ActiveCfg = Debug|Any CPU
		{FD4DE476-A56B-494E-AC3F-8317DEA6319D}.Debug|x64.Build.0 = Debug|Any CPU
		{FD4DE476-A56B-494E-AC3F-8317DEA6319D}.Debug|x86.ActiveCfg = Debug|Any CPU
		{FD4DE476-A56B-494E-AC3F-8317DEA6319D}.Debug|x86.Build.0 = Debug|Any CPU
		{FD4DE476-A56B-494E-AC3F-8317DEA6319D}.Release|Any CPU.ActiveCfg = Release|Any CPU
		{FD4DE476-A56B-494E-AC3F-8317DEA6319D}.Release|Any CPU.Build.0 = Release|Any CPU
		{FD4DE476-A56B-494E-AC3F-8317DEA6319D}.Release|x64.ActiveCfg = Release|Any CPU
		{FD4DE476-A56B-494E-AC3F-8317DEA6319D}.Release|x64.Build.0 = Release|Any CPU
		{FD4DE476-A56B-494E-AC3F-8317DEA6319D}.Release|x86.ActiveCfg = Release|Any CPU
		{FD4DE476-A56B-494E-AC3F-8317DEA6319D}.Release|x86.Build.0 = Release|Any CPU
		{ED4096ED-25DE-4893-B2B3-A697573B162F}.Debug|Any CPU.ActiveCfg = Debug|Any CPU
		{ED4096ED-25DE-4893-B2B3-A697573B162F}.Debug|Any CPU.Build.0 = Debug|Any CPU
		{ED4096ED-25DE-4893-B2B3-A697573B162F}.Debug|x64.ActiveCfg = Debug|Any CPU
		{ED4096ED-25DE-4893-B2B3-A697573B162F}.Debug|x64.Build.0 = Debug|Any CPU
		{ED4096ED-25DE-4893-B2B3-A697573B162F}.Debug|x86.ActiveCfg = Debug|Any CPU
		{ED4096ED-25DE-4893-B2B3-A697573B162F}.Debug|x86.Build.0 = Debug|Any CPU
		{ED4096ED-25DE-4893-B2B3-A697573B162F}.Release|Any CPU.ActiveCfg = Release|Any CPU
		{ED4096ED-25DE-4893-B2B3-A697573B162F}.Release|Any CPU.Build.0 = Release|Any CPU
		{ED4096ED-25DE-4893-B2B3-A697573B162F}.Release|x64.ActiveCfg = Release|Any CPU
		{ED4096ED-25DE-4893-B2B3-A697573B162F}.Release|x64.Build.0 = Release|Any CPU
		{ED4096ED-25DE-4893-B2B3-A697573B162F}.Release|x86.ActiveCfg = Release|Any CPU
		{ED4096ED-25DE-4893-B2B3-A697573B162F}.Release|x86.Build.0 = Release|Any CPU
		{6B99EA55-00E4-4C19-BD8A-C85F84F72096}.Debug|Any CPU.ActiveCfg = Debug|Any CPU
		{6B99EA55-00E4-4C19-BD8A-C85F84F72096}.Debug|Any CPU.Build.0 = Debug|Any CPU
		{6B99EA55-00E4-4C19-BD8A-C85F84F72096}.Debug|x64.ActiveCfg = Debug|Any CPU
		{6B99EA55-00E4-4C19-BD8A-C85F84F72096}.Debug|x64.Build.0 = Debug|Any CPU
		{6B99EA55-00E4-4C19-BD8A-C85F84F72096}.Debug|x86.ActiveCfg = Debug|Any CPU
		{6B99EA55-00E4-4C19-BD8A-C85F84F72096}.Debug|x86.Build.0 = Debug|Any CPU
		{6B99EA55-00E4-4C19-BD8A-C85F84F72096}.Release|Any CPU.ActiveCfg = Release|Any CPU
		{6B99EA55-00E4-4C19-BD8A-C85F84F72096}.Release|Any CPU.Build.0 = Release|Any CPU
		{6B99EA55-00E4-4C19-BD8A-C85F84F72096}.Release|x64.ActiveCfg = Release|Any CPU
		{6B99EA55-00E4-4C19-BD8A-C85F84F72096}.Release|x64.Build.0 = Release|Any CPU
		{6B99EA55-00E4-4C19-BD8A-C85F84F72096}.Release|x86.ActiveCfg = Release|Any CPU
		{6B99EA55-00E4-4C19-BD8A-C85F84F72096}.Release|x86.Build.0 = Release|Any CPU
		{4A79F683-4F80-43B5-ADE1-6F10DF56EC5E}.Debug|Any CPU.ActiveCfg = Debug|Any CPU
		{4A79F683-4F80-43B5-ADE1-6F10DF56EC5E}.Debug|Any CPU.Build.0 = Debug|Any CPU
		{4A79F683-4F80-43B5-ADE1-6F10DF56EC5E}.Debug|x64.ActiveCfg = Debug|Any CPU
		{4A79F683-4F80-43B5-ADE1-6F10DF56EC5E}.Debug|x64.Build.0 = Debug|Any CPU
		{4A79F683-4F80-43B5-ADE1-6F10DF56EC5E}.Debug|x86.ActiveCfg = Debug|Any CPU
		{4A79F683-4F80-43B5-ADE1-6F10DF56EC5E}.Debug|x86.Build.0 = Debug|Any CPU
		{4A79F683-4F80-43B5-ADE1-6F10DF56EC5E}.Release|Any CPU.ActiveCfg = Release|Any CPU
		{4A79F683-4F80-43B5-ADE1-6F10DF56EC5E}.Release|Any CPU.Build.0 = Release|Any CPU
		{4A79F683-4F80-43B5-ADE1-6F10DF56EC5E}.Release|x64.ActiveCfg = Release|Any CPU
		{4A79F683-4F80-43B5-ADE1-6F10DF56EC5E}.Release|x64.Build.0 = Release|Any CPU
		{4A79F683-4F80-43B5-ADE1-6F10DF56EC5E}.Release|x86.ActiveCfg = Release|Any CPU
		{4A79F683-4F80-43B5-ADE1-6F10DF56EC5E}.Release|x86.Build.0 = Release|Any CPU
	EndGlobalSection
EndGlobal
